<?xml version="1.0" encoding="utf-8"?>
<Project ToolsVersion="4.0" xmlns="http://schemas.microsoft.com/developer/msbuild/2003">
  <ItemGroup>
    <Filter Include="Source Files">
      <UniqueIdentifier>{4FC737F1-C7A5-4376-A066-2A32D752A2FF}</UniqueIdentifier>
      <Extensions>cpp;c;cc;cxx;c++;cppm;ixx;def;odl;idl;hpj;bat;asm;asmx</Extensions>
    </Filter>
    <Filter Include="Header Files">
      <UniqueIdentifier>{93995380-89BD-4b04-88EB-625FBE52EBFB}</UniqueIdentifier>
      <Extensions>h;hh;hpp;hxx;h++;hm;inl;inc;ipp;xsd</Extensions>
    </Filter>
    <Filter Include="Resource Files">
      <UniqueIdentifier>{67DA6AB6-F800-4c08-8B7A-83BB121AAD01}</UniqueIdentifier>
      <Extensions>rc;ico;cur;bmp;dlg;rc2;rct;bin;rgs;gif;jpg;jpeg;jpe;resx;tiff;tif;png;wav;mfcribbon-ms</Extensions>
    </Filter>
  </ItemGroup>
  <ItemGroup>
    <ClCompile Include="main.cpp">
      <Filter>Source Files</Filter>
    </ClCompile>
    <ClCompile Include="AES.cpp">
      <Filter>Source Files</Filter>
    </ClCompile>
    <ClCompile Include="algorithm_menue.cpp">
      <Filter>Source Files</Filter>
    </ClCompile>
    <ClCompile Include="Autokey.cpp">
      <Filter>Source Files</Filter>
    </ClCompile>
    <ClCompile Include="Ceaser.cpp">
      <Filter>Source Files</Filter>
    </ClCompile>
    <ClCompile Include="Columnar.cpp">
      <Filter>Source Files</Filter>
    </ClCompile>
    <ClCompile Include="DES.cpp">
      <Filter>Source Files</Filter>
    </ClCompile>
    <ClCompile Include="Hill_algorithm.cpp">
      <Filter>Source Files</Filter>
    </ClCompile>
    <ClCompile Include="InvalidAnalysisException.cpp">
      <Filter>Source Files</Filter>
    </ClCompile>
    <ClCompile Include="MD5.cpp">
      <Filter>Source Files</Filter>
    </ClCompile>
    <ClCompile Include="Monoalphabtic.cpp">
      <Filter>Source Files</Filter>
    </ClCompile>
    <ClCompile Include="Playfair.cpp">
      <Filter>Source Files</Filter>
    </ClCompile>
    <ClCompile Include="RailFence.cpp">
      <Filter>Source Files</Filter>
    </ClCompile>
    <ClCompile Include="Repeatedkey.cpp">
      <Filter>Source Files</Filter>
    </ClCompile>
    <ClCompile Include="RSA.cpp">
      <Filter>Source Files</Filter>
    </ClCompile>
  </ItemGroup>
  <ItemGroup>
    <ClInclude Include="AES.h">
      <Filter>Header Files</Filter>
    </ClInclude>
    <ClInclude Include="algorithm_menue.h">
      <Filter>Header Files</Filter>
    </ClInclude>
    <ClInclude Include="Autokey.h">
      <Filter>Header Files</Filter>
    </ClInclude>
    <ClInclude Include="Ceaser.h">
      <Filter>Header Files</Filter>
    </ClInclude>
    <ClInclude Include="Columnar.h">
      <Filter>Header Files</Filter>
    </ClInclude>
    <ClInclude Include="DES.h">
      <Filter>Header Files</Filter>
    </ClInclude>
    <ClInclude Include="Hill_algorithm.h">
      <Filter>Header Files</Filter>
    </ClInclude>
    <ClInclude Include="InvalidAnalysisException.h">
      <Filter>Header Files</Filter>
    </ClInclude>
    <ClInclude Include="MD5.h">
      <Filter>Header Files</Filter>
    </ClInclude>
    <ClInclude Include="Monoalphabtic.h">
      <Filter>Header Files</Filter>
    </ClInclude>
    <ClInclude Include="Playfair.h">
      <Filter>Header Files</Filter>
    </ClInclude>
    <ClInclude Include="RailFence.h">
      <Filter>Header Files</Filter>
    </ClInclude>
    <ClInclude Include="Repeatedkey.h">
      <Filter>Header Files</Filter>
    </ClInclude>
    <ClInclude Include="RSA.h">
      <Filter>Header Files</Filter>
    </ClInclude>
  </ItemGroup>
</Project>